
Microsoft Visual Studio Solution File, Format Version 11.00
# Visual C# Express 2010
Project("{FAE04EC0-301F-11D3-BF4B-00C04F79EFBC}") = "BugSmash", "BugSmash\BugSmash\BugSmash.csproj", "{45088301-B259-4F7B-9D07-EACFA6E464B8}"
EndProject
Project("{96E2B04D-8817-42C6-938A-82C39BA4D311}") = "BugSmashContent", "BugSmash\BugSmashContent\BugSmashContent.contentproj", "{A6EACB8F-D715-42DF-91E7-6D4006794006}"
EndProject
Global
	GlobalSection(SolutionConfigurationPlatforms) = preSolution
		Debug|x86 = Debug|x86
		Release|x86 = Release|x86
	EndGlobalSection
	GlobalSection(ProjectConfigurationPlatforms) = postSolution
		{45088301-B259-4F7B-9D07-EACFA6E464B8}.Debug|x86.ActiveCfg = Debug|x86
		{45088301-B259-4F7B-9D07-EACFA6E464B8}.Debug|x86.Build.0 = Debug|x86
		{45088301-B259-4F7B-9D07-EACFA6E464B8}.Release|x86.ActiveCfg = Release|x86
		{45088301-B259-4F7B-9D07-EACFA6E464B8}.Release|x86.Build.0 = Release|x86
		{A6EACB8F-D715-42DF-91E7-6D4006794006}.Debug|x86.ActiveCfg = Debug|x86
		{A6EACB8F-D715-42DF-91E7-6D4006794006}.Release|x86.ActiveCfg = Release|x86
	EndGlobalSection
	GlobalSection(SolutionProperties) = preSolution
		HideSolutionNode = FALSE
	EndGlobalSection
EndGlobal
